
Microsoft Visual Studio Solution File, Format Version 12.00
# Visual Studio Version 17
VisualStudioVersion = 17.9.34607.119
MinimumVisualStudioVersion = 10.0.40219.1
Project("{8BC9CEB8-8B4A-11D0-8D11-00A0C91BC942}") = "SimulationProject", "SimulationProject.vcxproj", "{65B898F1-6A00-485B-A4E4-0DA67DDA6E9F}"
EndProject
Global
	GlobalSection(SolutionConfigurationPlatforms) = preSolution
		Debug|x64 = Debug|x64
		Debug|x86 = Debug|x86
		Release|x64 = Release|x64
		Release|x86 = Release|x86
	EndGlobalSection
	GlobalSection(ProjectConfigurationPlatforms) = postSolution
		{65B898F1-6A00-485B-A4E4-0DA67DDA6E9F}.Debug|x64.ActiveCfg = Debug|x64
		{65B898F1-6A00-485B-A4E4-0DA67DDA6E9F}.Debug|x64.Build.0 = Debug|x64
		{65B898F1-6A00-485B-A4E4-0DA67DDA6E9F}.Debug|x86.ActiveCfg = Debug|Win32
		{65B898F1-6A00-485B-A4E4-0DA67DDA6E9F}.Debug|x86.Build.0 = Debug|Win32
		{65B898F1-6A00-485B-A4E4-0DA67DDA6E9F}.Release|x64.ActiveCfg = Release|x64
		{65B898F1-6A00-485B-A4E4-0DA67DDA6E9F}.Release|x64.Build.0 = Release|x64
		{65B898F1-6A00-485B-A4E4-0DA67DDA6E9F}.Release|x86.ActiveCfg = Release|Win32
		{65B898F1-6A00-485B-A4E4-0DA67DDA6E9F}.Release|x86.Build.0 = Release|Win32
	EndGlobalSection
	GlobalSection(SolutionProperties) = preSolution
		HideSolutionNode = FALSE
	EndGlobalSection
	GlobalSection(ExtensibilityGlobals) = postSolution
		SolutionGuid = {15FB1A13-92E7-402F-AE37-5EC5A30F3C24}
	EndGlobalSection
EndGlobal
